
Microsoft Visual Studio Solution File, Format Version 12.00
# Visual Studio Version 17
VisualStudioVersion = 17.1.32210.238
MinimumVisualStudioVersion = 10.0.40219.1
Project("{FAE04EC0-301F-11D3-BF4B-00C04F79EFBC}") = "RPGCallisthenics", "RPGCallisthenics\RPGCallisthenics.csproj", "{425721CC-1CB7-47A9-B735-92478408CEFC}"
EndProject
Global
	GlobalSection(SolutionConfigurationPlatforms) = preSolution
		Debug|Any CPU = Debug|Any CPU
		Release|Any CPU = Release|Any CPU
	EndGlobalSection
	GlobalSection(ProjectConfigurationPlatforms) = postSolution
		{425721CC-1CB7-47A9-B735-92478408CEFC}.Debug|Any CPU.ActiveCfg = Debug|Any CPU
		{425721CC-1CB7-47A9-B735-92478408CEFC}.Debug|Any CPU.Build.0 = Debug|Any CPU
		{425721CC-1CB7-47A9-B735-92478408CEFC}.Release|Any CPU.ActiveCfg = Release|Any CPU
		{425721CC-1CB7-47A9-B735-92478408CEFC}.Release|Any CPU.Build.0 = Release|Any CPU
	EndGlobalSection
	GlobalSection(SolutionProperties) = preSolution
		HideSolutionNode = FALSE
	EndGlobalSection
	GlobalSection(ExtensibilityGlobals) = postSolution
		SolutionGuid = {98B4D5AA-C6FA-451C-ACDA-EDDD88303C5F}
	EndGlobalSection
EndGlobal
